
Microsoft Visual Studio Solution File, Format Version 12.00
# Visual Studio Version 17
VisualStudioVersion = 17.0.31919.166
MinimumVisualStudioVersion = 10.0.40219.1
Project("{2150E333-8FDC-42A3-9474-1A3956D46DE8}") = "src", "src", "{50A7155F-1A28-4ED6-9DC8-00637D741065}"
EndProject
Project("{FAE04EC0-301F-11D3-BF4B-00C04F79EFBC}") = "Octopus.Conductor.Core", "Octopus.Conductor.Core\Octopus.Conductor.Core.csproj", "{ABCD5411-4792-40AB-95C0-14CBB770C81C}"
EndProject
Project("{FAE04EC0-301F-11D3-BF4B-00C04F79EFBC}") = "Octopus.Conductor.Infrastructure", "Octopus.Conductor.Infrastructure\Octopus.Conductor.Infrastructure.csproj", "{711CE993-C06C-446E-A85D-CCCE7F3A249A}"
EndProject
Global
	GlobalSection(SolutionConfigurationPlatforms) = preSolution
		Debug|Any CPU = Debug|Any CPU
		Release|Any CPU = Release|Any CPU
	EndGlobalSection
	GlobalSection(ProjectConfigurationPlatforms) = postSolution
		{ABCD5411-4792-40AB-95C0-14CBB770C81C}.Debug|Any CPU.ActiveCfg = Debug|Any CPU
		{ABCD5411-4792-40AB-95C0-14CBB770C81C}.Debug|Any CPU.Build.0 = Debug|Any CPU
		{ABCD5411-4792-40AB-95C0-14CBB770C81C}.Release|Any CPU.ActiveCfg = Release|Any CPU
		{ABCD5411-4792-40AB-95C0-14CBB770C81C}.Release|Any CPU.Build.0 = Release|Any CPU
		{711CE993-C06C-446E-A85D-CCCE7F3A249A}.Debug|Any CPU.ActiveCfg = Debug|Any CPU
		{711CE993-C06C-446E-A85D-CCCE7F3A249A}.Debug|Any CPU.Build.0 = Debug|Any CPU
		{711CE993-C06C-446E-A85D-CCCE7F3A249A}.Release|Any CPU.ActiveCfg = Release|Any CPU
		{711CE993-C06C-446E-A85D-CCCE7F3A249A}.Release|Any CPU.Build.0 = Release|Any CPU
	EndGlobalSection
	GlobalSection(SolutionProperties) = preSolution
		HideSolutionNode = FALSE
	EndGlobalSection
	GlobalSection(NestedProjects) = preSolution
		{ABCD5411-4792-40AB-95C0-14CBB770C81C} = {50A7155F-1A28-4ED6-9DC8-00637D741065}
		{711CE993-C06C-446E-A85D-CCCE7F3A249A} = {50A7155F-1A28-4ED6-9DC8-00637D741065}
	EndGlobalSection
	GlobalSection(ExtensibilityGlobals) = postSolution
		SolutionGuid = {B5037395-1809-4148-A8EB-0523B0AAC1FE}
	EndGlobalSection
EndGlobal
